
Microsoft Visual Studio Solution File, Format Version 12.00
Project("{FAE04EC0-301F-11D3-BF4B-00C04F79EFBC}") = "code_camp_course", "code_camp_course\code_camp_course.csproj", "{18BFB9F7-58CC-4E85-9237-B85C7B0EFDD7}"
EndProject
Global
	GlobalSection(SolutionConfigurationPlatforms) = preSolution
		Debug|Any CPU = Debug|Any CPU
		Release|Any CPU = Release|Any CPU
	EndGlobalSection
	GlobalSection(ProjectConfigurationPlatforms) = postSolution
		{18BFB9F7-58CC-4E85-9237-B85C7B0EFDD7}.Debug|Any CPU.ActiveCfg = Debug|Any CPU
		{18BFB9F7-58CC-4E85-9237-B85C7B0EFDD7}.Debug|Any CPU.Build.0 = Debug|Any CPU
		{18BFB9F7-58CC-4E85-9237-B85C7B0EFDD7}.Release|Any CPU.ActiveCfg = Release|Any CPU
		{18BFB9F7-58CC-4E85-9237-B85C7B0EFDD7}.Release|Any CPU.Build.0 = Release|Any CPU
	EndGlobalSection
EndGlobal
